
Microsoft Visual Studio Solution File, Format Version 12.00
# Visual Studio Version 16
VisualStudioVersion = 16.0.30128.74
MinimumVisualStudioVersion = 15.0.26124.0
Project("{9A19103F-16F7-4668-BE54-9A1E7A4F7556}") = "CodeGen", "CodeGen\CodeGen.csproj", "{4AE99A12-9554-460C-ACE3-B2E0CE2047A0}"
EndProject
Project("{2150E333-8FDC-42A3-9474-1A3956D46DE8}") = "Solution Items", "Solution Items", "{86F95029-5CE2-4968-9654-2B1FA834FCAD}"
	ProjectSection(SolutionItems) = preProject
		README.md = README.md
	EndProjectSection
EndProject
Project("{9A19103F-16F7-4668-BE54-9A1E7A4F7556}") = "Demo.CodeGen", "Demo.CodeGen\Demo.CodeGen.csproj", "{4876C3AB-BED1-44E1-96AC-1A0C2AC901AA}"
EndProject
Project("{9A19103F-16F7-4668-BE54-9A1E7A4F7556}") = "Demo.Service", "Demo.Service\Demo.Service.csproj", "{FBC8AADD-A052-45A2-8995-F920E32A7287}"
EndProject
Global
	GlobalSection(SolutionConfigurationPlatforms) = preSolution
		Debug|Any CPU = Debug|Any CPU
		Debug|x64 = Debug|x64
		Debug|x86 = Debug|x86
		Release|Any CPU = Release|Any CPU
		Release|x64 = Release|x64
		Release|x86 = Release|x86
	EndGlobalSection
	GlobalSection(ProjectConfigurationPlatforms) = postSolution
		{4AE99A12-9554-460C-ACE3-B2E0CE2047A0}.Debug|Any CPU.ActiveCfg = Debug|Any CPU
		{4AE99A12-9554-460C-ACE3-B2E0CE2047A0}.Debug|Any CPU.Build.0 = Debug|Any CPU
		{4AE99A12-9554-460C-ACE3-B2E0CE2047A0}.Debug|x64.ActiveCfg = Debug|Any CPU
		{4AE99A12-9554-460C-ACE3-B2E0CE2047A0}.Debug|x64.Build.0 = Debug|Any CPU
		{4AE99A12-9554-460C-ACE3-B2E0CE2047A0}.Debug|x86.ActiveCfg = Debug|Any CPU
		{4AE99A12-9554-460C-ACE3-B2E0CE2047A0}.Debug|x86.Build.0 = Debug|Any CPU
		{4AE99A12-9554-460C-ACE3-B2E0CE2047A0}.Release|Any CPU.ActiveCfg = Release|Any CPU
		{4AE99A12-9554-460C-ACE3-B2E0CE2047A0}.Release|Any CPU.Build.0 = Release|Any CPU
		{4AE99A12-9554-460C-ACE3-B2E0CE2047A0}.Release|x64.ActiveCfg = Release|Any CPU
		{4AE99A12-9554-460C-ACE3-B2E0CE2047A0}.Release|x64.Build.0 = Release|Any CPU
		{4AE99A12-9554-460C-ACE3-B2E0CE2047A0}.Release|x86.ActiveCfg = Release|Any CPU
		{4AE99A12-9554-460C-ACE3-B2E0CE2047A0}.Release|x86.Build.0 = Release|Any CPU
		{4876C3AB-BED1-44E1-96AC-1A0C2AC901AA}.Debug|Any CPU.ActiveCfg = Debug|Any CPU
		{4876C3AB-BED1-44E1-96AC-1A0C2AC901AA}.Debug|Any CPU.Build.0 = Debug|Any CPU
		{4876C3AB-BED1-44E1-96AC-1A0C2AC901AA}.Debug|x64.ActiveCfg = Debug|Any CPU
		{4876C3AB-BED1-44E1-96AC-1A0C2AC901AA}.Debug|x64.Build.0 = Debug|Any CPU
		{4876C3AB-BED1-44E1-96AC-1A0C2AC901AA}.Debug|x86.ActiveCfg = Debug|Any CPU
		{4876C3AB-BED1-44E1-96AC-1A0C2AC901AA}.Debug|x86.Build.0 = Debug|Any CPU
		{4876C3AB-BED1-44E1-96AC-1A0C2AC901AA}.Release|Any CPU.ActiveCfg = Release|Any CPU
		{4876C3AB-BED1-44E1-96AC-1A0C2AC901AA}.Release|Any CPU.Build.0 = Release|Any CPU
		{4876C3AB-BED1-44E1-96AC-1A0C2AC901AA}.Release|x64.ActiveCfg = Release|Any CPU
		{4876C3AB-BED1-44E1-96AC-1A0C2AC901AA}.Release|x64.Build.0 = Release|Any CPU
		{4876C3AB-BED1-44E1-96AC-1A0C2AC901AA}.Release|x86.ActiveCfg = Release|Any CPU
		{4876C3AB-BED1-44E1-96AC-1A0C2AC901AA}.Release|x86.Build.0 = Release|Any CPU
		{FBC8AADD-A052-45A2-8995-F920E32A7287}.Debug|Any CPU.ActiveCfg = Debug|Any CPU
		{FBC8AADD-A052-45A2-8995-F920E32A7287}.Debug|Any CPU.Build.0 = Debug|Any CPU
		{FBC8AADD-A052-45A2-8995-F920E32A7287}.Debug|x64.ActiveCfg = Debug|Any CPU
		{FBC8AADD-A052-45A2-8995-F920E32A7287}.Debug|x64.Build.0 = Debug|Any CPU
		{FBC8AADD-A052-45A2-8995-F920E32A7287}.Debug|x86.ActiveCfg = Debug|Any CPU
		{FBC8AADD-A052-45A2-8995-F920E32A7287}.Debug|x86.Build.0 = Debug|Any CPU
		{FBC8AADD-A052-45A2-8995-F920E32A7287}.Release|Any CPU.ActiveCfg = Release|Any CPU
		{FBC8AADD-A052-45A2-8995-F920E32A7287}.Release|Any CPU.Build.0 = Release|Any CPU
		{FBC8AADD-A052-45A2-8995-F920E32A7287}.Release|x64.ActiveCfg = Release|Any CPU
		{FBC8AADD-A052-45A2-8995-F920E32A7287}.Release|x64.Build.0 = Release|Any CPU
		{FBC8AADD-A052-45A2-8995-F920E32A7287}.Release|x86.ActiveCfg = Release|Any CPU
		{FBC8AADD-A052-45A2-8995-F920E32A7287}.Release|x86.Build.0 = Release|Any CPU
	EndGlobalSection
	GlobalSection(SolutionProperties) = preSolution
		HideSolutionNode = FALSE
	EndGlobalSection
	GlobalSection(ExtensibilityGlobals) = postSolution
		SolutionGuid = {471AC5D2-01B6-416D-BBB4-D17C52AA0537}
	EndGlobalSection
EndGlobal
